
Microsoft Visual Studio Solution File, Format Version 12.00
# Visual Studio Version 17
VisualStudioVersion = 17.4.33205.214
MinimumVisualStudioVersion = 10.0.40219.1
Project("{FAE04EC0-301F-11D3-BF4B-00C04F79EFBC}") = "DemoRedisCache", "DemoRedisCache\DemoRedisCache.csproj", "{B06F2BE6-A027-4F06-892E-7D9141394F30}"
EndProject
Global
	GlobalSection(SolutionConfigurationPlatforms) = preSolution
		Debug|Any CPU = Debug|Any CPU
		Release|Any CPU = Release|Any CPU
	EndGlobalSection
	GlobalSection(ProjectConfigurationPlatforms) = postSolution
		{B06F2BE6-A027-4F06-892E-7D9141394F30}.Debug|Any CPU.ActiveCfg = Debug|Any CPU
		{B06F2BE6-A027-4F06-892E-7D9141394F30}.Debug|Any CPU.Build.0 = Debug|Any CPU
		{B06F2BE6-A027-4F06-892E-7D9141394F30}.Release|Any CPU.ActiveCfg = Release|Any CPU
		{B06F2BE6-A027-4F06-892E-7D9141394F30}.Release|Any CPU.Build.0 = Release|Any CPU
	EndGlobalSection
	GlobalSection(SolutionProperties) = preSolution
		HideSolutionNode = FALSE
	EndGlobalSection
	GlobalSection(ExtensibilityGlobals) = postSolution
		SolutionGuid = {BE38EF94-D2DE-4FDB-AB01-0423F2010E42}
	EndGlobalSection
EndGlobal
